
Microsoft Visual Studio Solution File, Format Version 12.00
# Visual Studio 15
VisualStudioVersion = 15.0.28010.2048
MinimumVisualStudioVersion = 10.0.40219.1
Project("{FAE04EC0-301F-11D3-BF4B-00C04F79EFBC}") = "PriorityHeap", "PriorityHeap\PriorityHeap.csproj", "{715098AA-BFD3-42CC-8032-D360E16D3482}"
EndProject
Global
	GlobalSection(SolutionConfigurationPlatforms) = preSolution
		Debug|Any CPU = Debug|Any CPU
		Release|Any CPU = Release|Any CPU
	EndGlobalSection
	GlobalSection(ProjectConfigurationPlatforms) = postSolution
		{715098AA-BFD3-42CC-8032-D360E16D3482}.Debug|Any CPU.ActiveCfg = Debug|Any CPU
		{715098AA-BFD3-42CC-8032-D360E16D3482}.Debug|Any CPU.Build.0 = Debug|Any CPU
		{715098AA-BFD3-42CC-8032-D360E16D3482}.Release|Any CPU.ActiveCfg = Release|Any CPU
		{715098AA-BFD3-42CC-8032-D360E16D3482}.Release|Any CPU.Build.0 = Release|Any CPU
	EndGlobalSection
	GlobalSection(SolutionProperties) = preSolution
		HideSolutionNode = FALSE
	EndGlobalSection
	GlobalSection(ExtensibilityGlobals) = postSolution
		SolutionGuid = {D9206E07-27A6-44BB-A805-01103E6F2A5F}
	EndGlobalSection
EndGlobal
