
Microsoft Visual Studio Solution File, Format Version 10.00
# Visual Studio 2008
Project("{8BC9CEB8-8B4A-11D0-8D11-00A0C91BC942}") = "SortApp", "SortApp\SortApp.vcproj", "{DA864773-5A33-4690-B728-281D18E7F530}"
EndProject
Global
	GlobalSection(SolutionConfigurationPlatforms) = preSolution
		Debug|Win32 = Debug|Win32
		Release|Win32 = Release|Win32
	EndGlobalSection
	GlobalSection(ProjectConfigurationPlatforms) = postSolution
		{DA864773-5A33-4690-B728-281D18E7F530}.Debug|Win32.ActiveCfg = Debug|Win32
		{DA864773-5A33-4690-B728-281D18E7F530}.Debug|Win32.Build.0 = Debug|Win32
		{DA864773-5A33-4690-B728-281D18E7F530}.Release|Win32.ActiveCfg = Release|Win32
		{DA864773-5A33-4690-B728-281D18E7F530}.Release|Win32.Build.0 = Release|Win32
	EndGlobalSection
	GlobalSection(SolutionProperties) = preSolution
		HideSolutionNode = FALSE
	EndGlobalSection
EndGlobal
